
Microsoft Visual Studio Solution File, Format Version 12.00
# Visual Studio Version 16
VisualStudioVersion = 16.0.29020.237
MinimumVisualStudioVersion = 10.0.40219.1
Project("{FAE04EC0-301F-11D3-BF4B-00C04F79EFBC}") = "Hangman", "Hangman\Hangman.csproj", "{C590888E-E69A-42EC-9B0A-83DB1983AE3C}"
EndProject
Global
	GlobalSection(SolutionConfigurationPlatforms) = preSolution
		Debug|Any CPU = Debug|Any CPU
		Release|Any CPU = Release|Any CPU
	EndGlobalSection
	GlobalSection(ProjectConfigurationPlatforms) = postSolution
		{C590888E-E69A-42EC-9B0A-83DB1983AE3C}.Debug|Any CPU.ActiveCfg = Debug|Any CPU
		{C590888E-E69A-42EC-9B0A-83DB1983AE3C}.Debug|Any CPU.Build.0 = Debug|Any CPU
		{C590888E-E69A-42EC-9B0A-83DB1983AE3C}.Release|Any CPU.ActiveCfg = Release|Any CPU
		{C590888E-E69A-42EC-9B0A-83DB1983AE3C}.Release|Any CPU.Build.0 = Release|Any CPU
	EndGlobalSection
	GlobalSection(SolutionProperties) = preSolution
		HideSolutionNode = FALSE
	EndGlobalSection
	GlobalSection(ExtensibilityGlobals) = postSolution
		SolutionGuid = {E6F4A64E-2441-41E8-909B-5616DBE7B3FE}
	EndGlobalSection
EndGlobal
